
Microsoft Visual Studio Solution File, Format Version 12.00
# Visual Studio 14
VisualStudioVersion = 14.0.25420.1
MinimumVisualStudioVersion = 10.0.40219.1
Project("{FAE04EC0-301F-11D3-BF4B-00C04F79EFBC}") = "EAAutoFramework", "EAAutoFramework\EAAutoFramework.csproj", "{01D96DA8-8813-4C9F-AFD4-A3A40D84378E}"
EndProject
Project("{FAE04EC0-301F-11D3-BF4B-00C04F79EFBC}") = "EAEmployeeTest", "EAEmployeeTest\EAEmployeeTest.csproj", "{18D40CBB-9598-4FBF-B144-30F600F65C4E}"
EndProject
Global
	GlobalSection(SolutionConfigurationPlatforms) = preSolution
		Debug|Any CPU = Debug|Any CPU
		Release|Any CPU = Release|Any CPU
	EndGlobalSection
	GlobalSection(ProjectConfigurationPlatforms) = postSolution
		{01D96DA8-8813-4C9F-AFD4-A3A40D84378E}.Debug|Any CPU.ActiveCfg = Debug|Any CPU
		{01D96DA8-8813-4C9F-AFD4-A3A40D84378E}.Debug|Any CPU.Build.0 = Debug|Any CPU
		{01D96DA8-8813-4C9F-AFD4-A3A40D84378E}.Release|Any CPU.ActiveCfg = Release|Any CPU
		{01D96DA8-8813-4C9F-AFD4-A3A40D84378E}.Release|Any CPU.Build.0 = Release|Any CPU
		{18D40CBB-9598-4FBF-B144-30F600F65C4E}.Debug|Any CPU.ActiveCfg = Debug|Any CPU
		{18D40CBB-9598-4FBF-B144-30F600F65C4E}.Debug|Any CPU.Build.0 = Debug|Any CPU
		{18D40CBB-9598-4FBF-B144-30F600F65C4E}.Release|Any CPU.ActiveCfg = Release|Any CPU
		{18D40CBB-9598-4FBF-B144-30F600F65C4E}.Release|Any CPU.Build.0 = Release|Any CPU
	EndGlobalSection
	GlobalSection(SolutionProperties) = preSolution
		HideSolutionNode = FALSE
	EndGlobalSection
EndGlobal
